// !$*UTF8*$!
{
	archiveVersion = 1;
	classes = {
	};
	objectVersion = 46;
	objects = {

/* Begin PBXBuildFile section */
		3F327AA71D04CB5C00AEA340 /* main.m in Sources */ = {isa = PBXBuildFile; fileRef = 3F327AA61D04CB5C00AEA340 /* main.m */; };
		3F327AAA1D04CB5C00AEA340 /* AppDelegate.m in Sources */ = {isa = PBXBuildFile; fileRef = 3F327AA91D04CB5C00AEA340 /* AppDelegate.m */; };
		3F327AAD1D04CB5C00AEA340 /* ViewController.m in Sources */ = {isa = PBXBuildFile; fileRef = 3F327AAC1D04CB5C00AEA340 /* ViewController.m */; };
		3F327AB01D04CB5C00AEA340 /* Main.storyboard in Resources */ = {isa = PBXBuildFile; fileRef = 3F327AAE1D04CB5C00AEA340 /* Main.storyboard */; };
		3F327AB21D04CB5C00AEA340 /* Images.xcassets in Resources */ = {isa = PBXBuildFile; fileRef = 3F327AB11D04CB5C00AEA340 /* Images.xcassets */; };
		3F327AB51D04CB5C00AEA340 /* LaunchScreen.xib in Resources */ = {isa = PBXBuildFile; fileRef = 3F327AB31D04CB5C00AEA340 /* LaunchScreen.xib */; };
		3F327AC11D04CB5C00AEA340 /* PointerAppTests.m in Sources */ = {isa = PBXBuildFile; fileRef = 3F327AC01D04CB5C00AEA340 /* PointerAppTests.m */; };
		3F3C62151D32F9B600637664 /* launch.png in Resources */ = {isa = PBXBuildFile; fileRef = 3F3C62141D32F9B600637664 /* launch.png */; };
		3FB590A51D4E901F00E91192 /* kingarthur1.png in Resources */ = {isa = PBXBuildFile; fileRef = 3FB590A11D4E901F00E91192 /* kingarthur1.png */; };
		3FB590A61D4E901F00E91192 /* kingarthur2.png in Resources */ = {isa = PBXBuildFile; fileRef = 3FB590A21D4E901F00E91192 /* kingarthur2.png */; };
		3FB590A71D4E901F00E91192 /* littleman1.png in Resources */ = {isa = PBXBuildFile; fileRef = 3FB590A31D4E901F00E91192 /* littleman1.png */; };
		3FB590A81D4E901F00E91192 /* littleman2.png in Resources */ = {isa = PBXBuildFile; fileRef = 3FB590A41D4E901F00E91192 /* littleman2.png */; };
		3FB590B51D4E9D4A00E91192 /* bookiconhighlighted.png in Resources */ = {isa = PBXBuildFile; fileRef = 3FB590AC1D4E9D4A00E91192 /* bookiconhighlighted.png */; };
		3FB590B61D4E9D4A00E91192 /* next2highlighted.png in Resources */ = {isa = PBXBuildFile; fileRef = 3FB590AD1D4E9D4A00E91192 /* next2highlighted.png */; };
		3FB590B71D4E9D4A00E91192 /* nexthighlighted.png in Resources */ = {isa = PBXBuildFile; fileRef = 3FB590AE1D4E9D4A00E91192 /* nexthighlighted.png */; };
		3FB590B81D4E9D4A00E91192 /* pausehighlighted.png in Resources */ = {isa = PBXBuildFile; fileRef = 3FB590AF1D4E9D4A00E91192 /* pausehighlighted.png */; };
		3FB590B91D4E9D4A00E91192 /* play iconhighlighted.png in Resources */ = {isa = PBXBuildFile; fileRef = 3FB590B01D4E9D4A00E91192 /* play iconhighlighted.png */; };
		3FB590BA1D4E9D4A00E91192 /* playhighlighted.png in Resources */ = {isa = PBXBuildFile; fileRef = 3FB590B11D4E9D4A00E91192 /* playhighlighted.png */; };
		3FB590BB1D4E9D4A00E91192 /* prev2highlighted.png in Resources */ = {isa = PBXBuildFile; fileRef = 3FB590B21D4E9D4A00E91192 /* prev2highlighted.png */; };
		3FB590BC1D4E9D4A00E91192 /* prevhighlighted.png in Resources */ = {isa = PBXBuildFile; fileRef = 3FB590B31D4E9D4A00E91192 /* prevhighlighted.png */; };
		3FB590BD1D4E9D4A00E91192 /* xbuttonhighlighted.png in Resources */ = {isa = PBXBuildFile; fileRef = 3FB590B41D4E9D4A00E91192 /* xbuttonhighlighted.png */; };
		3FCC43921D43E5C000F123E1 /* bookicon.png in Resources */ = {isa = PBXBuildFile; fileRef = 3FCC438E1D43E5C000F123E1 /* bookicon.png */; };
		3FCC43931D43E5C000F123E1 /* stepperdown.png in Resources */ = {isa = PBXBuildFile; fileRef = 3FCC438F1D43E5C000F123E1 /* stepperdown.png */; };
		3FCC43941D43E5C000F123E1 /* stepperup.png in Resources */ = {isa = PBXBuildFile; fileRef = 3FCC43901D43E5C000F123E1 /* stepperup.png */; };
		3FCC43951D43E5C000F123E1 /* xbutton.png in Resources */ = {isa = PBXBuildFile; fileRef = 3FCC43911D43E5C000F123E1 /* xbutton.png */; };
		3FCC439A1D4E896100F123E1 /* UIButtonWithValue.m in Sources */ = {isa = PBXBuildFile; fileRef = 3FCC43991D4E896100F123E1 /* UIButtonWithValue.m */; };
		3FCCCA8A1D135DF800D4AF56 /* MenuViewController.m in Sources */ = {isa = PBXBuildFile; fileRef = 3FCCCA891D135DF800D4AF56 /* MenuViewController.m */; };
		3FCCCA901D1615FB00D4AF56 /* bopeep1.jpg in Resources */ = {isa = PBXBuildFile; fileRef = 3FCCCA8D1D1615FB00D4AF56 /* bopeep1.jpg */; };
		3FCCCA911D1615FB00D4AF56 /* bopeep2.jpg in Resources */ = {isa = PBXBuildFile; fileRef = 3FCCCA8E1D1615FB00D4AF56 /* bopeep2.jpg */; };
		3FCCCA921D1615FB00D4AF56 /* bopeep3.jpg in Resources */ = {isa = PBXBuildFile; fileRef = 3FCCCA8F1D1615FB00D4AF56 /* bopeep3.jpg */; };
		3FCCCAAC1D319A2100D4AF56 /* next.png in Resources */ = {isa = PBXBuildFile; fileRef = 3FCCCAA51D319A2100D4AF56 /* next.png */; };
		3FCCCAAD1D319A2100D4AF56 /* next2.png in Resources */ = {isa = PBXBuildFile; fileRef = 3FCCCAA61D319A2100D4AF56 /* next2.png */; };
		3FCCCAAE1D319A2100D4AF56 /* pause.png in Resources */ = {isa = PBXBuildFile; fileRef = 3FCCCAA71D319A2100D4AF56 /* pause.png */; };
		3FCCCAAF1D319A2100D4AF56 /* play.png in Resources */ = {isa = PBXBuildFile; fileRef = 3FCCCAA81D319A2100D4AF56 /* play.png */; };
		3FCCCAB01D319A2100D4AF56 /* playgreen.png in Resources */ = {isa = PBXBuildFile; fileRef = 3FCCCAA91D319A2100D4AF56 /* playgreen.png */; };
		3FCCCAB11D319A2100D4AF56 /* prev.png in Resources */ = {isa = PBXBuildFile; fileRef = 3FCCCAAA1D319A2100D4AF56 /* prev.png */; };
		3FCCCAB21D319A2100D4AF56 /* prev2.png in Resources */ = {isa = PBXBuildFile; fileRef = 3FCCCAAB1D319A2100D4AF56 /* prev2.png */; };
		3FCCCAB41D31A2D600D4AF56 /* EndViewController.m in Sources */ = {isa = PBXBuildFile; fileRef = 3FCCCAB31D31A2D600D4AF56 /* EndViewController.m */; };
		3FCCCAB81D32343400D4AF56 /* TitleViewController.m in Sources */ = {isa = PBXBuildFile; fileRef = 3FCCCAB71D32343400D4AF56 /* TitleViewController.m */; };
		3FCCCABD1D32EC6D00D4AF56 /* home.png in Resources */ = {isa = PBXBuildFile; fileRef = 3FCCCAB91D32EC6D00D4AF56 /* home.png */; };
		3FCCCABE1D32EC6D00D4AF56 /* menulogo.png in Resources */ = {isa = PBXBuildFile; fileRef = 3FCCCABA1D32EC6D00D4AF56 /* menulogo.png */; };
		3FCCCABF1D32EC6D00D4AF56 /* playblackhollow.png in Resources */ = {isa = PBXBuildFile; fileRef = 3FCCCABB1D32EC6D00D4AF56 /* playblackhollow.png */; };
		3FCCCAC01D32EC6D00D4AF56 /* replay.png in Resources */ = {isa = PBXBuildFile; fileRef = 3FCCCABC1D32EC6D00D4AF56 /* replay.png */; };
		3FCCCAC21D32F0E100D4AF56 /* background.png in Resources */ = {isa = PBXBuildFile; fileRef = 3FCCCAC11D32F0E100D4AF56 /* background.png */; };
		CAE61F201D4E98900049F0B8 /* xbuttonhighlighted.png in Resources */ = {isa = PBXBuildFile; fileRef = CAE61F171D4E98900049F0B8 /* xbuttonhighlighted.png */; };
		CAE61F211D4E98900049F0B8 /* prevhighlighted.png in Resources */ = {isa = PBXBuildFile; fileRef = CAE61F181D4E98900049F0B8 /* prevhighlighted.png */; };
		CAE61F221D4E98900049F0B8 /* prev2highlighted.png in Resources */ = {isa = PBXBuildFile; fileRef = CAE61F191D4E98900049F0B8 /* prev2highlighted.png */; };
		CAE61F231D4E98900049F0B8 /* play iconhighlighted.png in Resources */ = {isa = PBXBuildFile; fileRef = CAE61F1A1D4E98900049F0B8 /* play iconhighlighted.png */; };
		CAE61F241D4E98900049F0B8 /* playhighlighted.png in Resources */ = {isa = PBXBuildFile; fileRef = CAE61F1B1D4E98900049F0B8 /* playhighlighted.png */; };
		CAE61F251D4E98900049F0B8 /* nexthighlighted.png in Resources */ = {isa = PBXBuildFile; fileRef = CAE61F1C1D4E98900049F0B8 /* nexthighlighted.png */; };
		CAE61F261D4E98900049F0B8 /* pausehighlighted.png in Resources */ = {isa = PBXBuildFile; fileRef = CAE61F1D1D4E98900049F0B8 /* pausehighlighted.png */; };
		CAE61F271D4E98900049F0B8 /* next2highlighted.png in Resources */ = {isa = PBXBuildFile; fileRef = CAE61F1E1D4E98900049F0B8 /* next2highlighted.png */; };
		CAE61F281D4E98900049F0B8 /* bookiconhighlighted.png in Resources */ = {isa = PBXBuildFile; fileRef = CAE61F1F1D4E98900049F0B8 /* bookiconhighlighted.png */; };
/* End PBXBuildFile section */

/* Begin PBXContainerItemProxy section */
		3F327ABB1D04CB5C00AEA340 /* PBXContainerItemProxy */ = {
			isa = PBXContainerItemProxy;
			containerPortal = 3F327A991D04CB5C00AEA340 /* Project object */;
			proxyType = 1;
			remoteGlobalIDString = 3F327AA01D04CB5C00AEA340;
			remoteInfo = PointerApp;
		};
/* End PBXContainerItemProxy section */

/* Begin PBXFileReference section */
		3F327AA11D04CB5C00AEA340 /* PointerApp.app */ = {isa = PBXFileReference; explicitFileType = wrapper.application; includeInIndex = 0; path = PointerApp.app; sourceTree = BUILT_PRODUCTS_DIR; };
		3F327AA51D04CB5C00AEA340 /* Info.plist */ = {isa = PBXFileReference; lastKnownFileType = text.plist.xml; path = Info.plist; sourceTree = "<group>"; };
		3F327AA61D04CB5C00AEA340 /* main.m */ = {isa = PBXFileReference; lastKnownFileType = sourcecode.c.objc; path = main.m; sourceTree = "<group>"; };
		3F327AA81D04CB5C00AEA340 /* AppDelegate.h */ = {isa = PBXFileReference; lastKnownFileType = sourcecode.c.h; path = AppDelegate.h; sourceTree = "<group>"; };
		3F327AA91D04CB5C00AEA340 /* AppDelegate.m */ = {isa = PBXFileReference; lastKnownFileType = sourcecode.c.objc; path = AppDelegate.m; sourceTree = "<group>"; };
		3F327AAB1D04CB5C00AEA340 /* ViewController.h */ = {isa = PBXFileReference; lastKnownFileType = sourcecode.c.h; path = ViewController.h; sourceTree = "<group>"; };
		3F327AAC1D04CB5C00AEA340 /* ViewController.m */ = {isa = PBXFileReference; lastKnownFileType = sourcecode.c.objc; path = ViewController.m; sourceTree = "<group>"; };
		3F327AAF1D04CB5C00AEA340 /* Base */ = {isa = PBXFileReference; lastKnownFileType = file.storyboard; name = Base; path = Base.lproj/Main.storyboard; sourceTree = "<group>"; };
		3F327AB11D04CB5C00AEA340 /* Images.xcassets */ = {isa = PBXFileReference; lastKnownFileType = folder.assetcatalog; path = Images.xcassets; sourceTree = "<group>"; };
		3F327AB41D04CB5C00AEA340 /* Base */ = {isa = PBXFileReference; lastKnownFileType = file.xib; name = Base; path = Base.lproj/LaunchScreen.xib; sourceTree = "<group>"; };
		3F327ABA1D04CB5C00AEA340 /* PointerAppTests.xctest */ = {isa = PBXFileReference; explicitFileType = wrapper.cfbundle; includeInIndex = 0; path = PointerAppTests.xctest; sourceTree = BUILT_PRODUCTS_DIR; };
		3F327ABF1D04CB5C00AEA340 /* Info.plist */ = {isa = PBXFileReference; lastKnownFileType = text.plist.xml; path = Info.plist; sourceTree = "<group>"; };
		3F327AC01D04CB5C00AEA340 /* PointerAppTests.m */ = {isa = PBXFileReference; lastKnownFileType = sourcecode.c.objc; path = PointerAppTests.m; sourceTree = "<group>"; };
		3F3C62141D32F9B600637664 /* launch.png */ = {isa = PBXFileReference; lastKnownFileType = image.png; path = launch.png; sourceTree = "<group>"; };
		3FB590A11D4E901F00E91192 /* kingarthur1.png */ = {isa = PBXFileReference; lastKnownFileType = image.png; path = kingarthur1.png; sourceTree = "<group>"; };
		3FB590A21D4E901F00E91192 /* kingarthur2.png */ = {isa = PBXFileReference; lastKnownFileType = image.png; path = kingarthur2.png; sourceTree = "<group>"; };
		3FB590A31D4E901F00E91192 /* littleman1.png */ = {isa = PBXFileReference; lastKnownFileType = image.png; path = littleman1.png; sourceTree = "<group>"; };
		3FB590A41D4E901F00E91192 /* littleman2.png */ = {isa = PBXFileReference; lastKnownFileType = image.png; path = littleman2.png; sourceTree = "<group>"; };
		3FB590AC1D4E9D4A00E91192 /* bookiconhighlighted.png */ = {isa = PBXFileReference; lastKnownFileType = image.png; path = bookiconhighlighted.png; sourceTree = "<group>"; };
		3FB590AD1D4E9D4A00E91192 /* next2highlighted.png */ = {isa = PBXFileReference; lastKnownFileType = image.png; path = next2highlighted.png; sourceTree = "<group>"; };
		3FB590AE1D4E9D4A00E91192 /* nexthighlighted.png */ = {isa = PBXFileReference; lastKnownFileType = image.png; path = nexthighlighted.png; sourceTree = "<group>"; };
		3FB590AF1D4E9D4A00E91192 /* pausehighlighted.png */ = {isa = PBXFileReference; lastKnownFileType = image.png; path = pausehighlighted.png; sourceTree = "<group>"; };
		3FB590B01D4E9D4A00E91192 /* play iconhighlighted.png */ = {isa = PBXFileReference; lastKnownFileType = image.png; path = "play iconhighlighted.png"; sourceTree = "<group>"; };
		3FB590B11D4E9D4A00E91192 /* playhighlighted.png */ = {isa = PBXFileReference; lastKnownFileType = image.png; path = playhighlighted.png; sourceTree = "<group>"; };
		3FB590B21D4E9D4A00E91192 /* prev2highlighted.png */ = {isa = PBXFileReference; lastKnownFileType = image.png; path = prev2highlighted.png; sourceTree = "<group>"; };
		3FB590B31D4E9D4A00E91192 /* prevhighlighted.png */ = {isa = PBXFileReference; lastKnownFileType = image.png; path = prevhighlighted.png; sourceTree = "<group>"; };
		3FB590B41D4E9D4A00E91192 /* xbuttonhighlighted.png */ = {isa = PBXFileReference; lastKnownFileType = image.png; path = xbuttonhighlighted.png; sourceTree = "<group>"; };
		3FCC438E1D43E5C000F123E1 /* bookicon.png */ = {isa = PBXFileReference; lastKnownFileType = image.png; path = bookicon.png; sourceTree = "<group>"; };
		3FCC438F1D43E5C000F123E1 /* stepperdown.png */ = {isa = PBXFileReference; lastKnownFileType = image.png; path = stepperdown.png; sourceTree = "<group>"; };
		3FCC43901D43E5C000F123E1 /* stepperup.png */ = {isa = PBXFileReference; lastKnownFileType = image.png; path = stepperup.png; sourceTree = "<group>"; };
		3FCC43911D43E5C000F123E1 /* xbutton.png */ = {isa = PBXFileReference; lastKnownFileType = image.png; path = xbutton.png; sourceTree = "<group>"; };
		3FCC43981D4E85D200F123E1 /* UIButtonWithValue.h */ = {isa = PBXFileReference; lastKnownFileType = sourcecode.c.h; path = UIButtonWithValue.h; sourceTree = "<group>"; };
		3FCC43991D4E896100F123E1 /* UIButtonWithValue.m */ = {isa = PBXFileReference; fileEncoding = 4; lastKnownFileType = sourcecode.c.objc; path = UIButtonWithValue.m; sourceTree = "<group>"; };
		3FCCCA881D135DF800D4AF56 /* MenuViewController.h */ = {isa = PBXFileReference; fileEncoding = 4; lastKnownFileType = sourcecode.c.h; path = MenuViewController.h; sourceTree = "<group>"; };
		3FCCCA891D135DF800D4AF56 /* MenuViewController.m */ = {isa = PBXFileReference; fileEncoding = 4; lastKnownFileType = sourcecode.c.objc; path = MenuViewController.m; sourceTree = "<group>"; };
		3FCCCA8D1D1615FB00D4AF56 /* bopeep1.jpg */ = {isa = PBXFileReference; lastKnownFileType = image.jpeg; path = bopeep1.jpg; sourceTree = "<group>"; };
		3FCCCA8E1D1615FB00D4AF56 /* bopeep2.jpg */ = {isa = PBXFileReference; lastKnownFileType = image.jpeg; path = bopeep2.jpg; sourceTree = "<group>"; };
		3FCCCA8F1D1615FB00D4AF56 /* bopeep3.jpg */ = {isa = PBXFileReference; lastKnownFileType = image.jpeg; path = bopeep3.jpg; sourceTree = "<group>"; };
		3FCCCAA51D319A2100D4AF56 /* next.png */ = {isa = PBXFileReference; lastKnownFileType = image.png; path = next.png; sourceTree = "<group>"; };
		3FCCCAA61D319A2100D4AF56 /* next2.png */ = {isa = PBXFileReference; lastKnownFileType = image.png; path = next2.png; sourceTree = "<group>"; };
		3FCCCAA71D319A2100D4AF56 /* pause.png */ = {isa = PBXFileReference; lastKnownFileType = image.png; path = pause.png; sourceTree = "<group>"; };
		3FCCCAA81D319A2100D4AF56 /* play.png */ = {isa = PBXFileReference; lastKnownFileType = image.png; path = play.png; sourceTree = "<group>"; };
		3FCCCAA91D319A2100D4AF56 /* playgreen.png */ = {isa = PBXFileReference; lastKnownFileType = image.png; path = playgreen.png; sourceTree = "<group>"; };
		3FCCCAAA1D319A2100D4AF56 /* prev.png */ = {isa = PBXFileReference; lastKnownFileType = image.png; path = prev.png; sourceTree = "<group>"; };
		3FCCCAAB1D319A2100D4AF56 /* prev2.png */ = {isa = PBXFileReference; lastKnownFileType = image.png; path = prev2.png; sourceTree = "<group>"; };
		3FCCCAB31D31A2D600D4AF56 /* EndViewController.m */ = {isa = PBXFileReference; fileEncoding = 4; lastKnownFileType = sourcecode.c.objc; path = EndViewController.m; sourceTree = "<group>"; };
		3FCCCAB51D31A2EB00D4AF56 /* EndViewController.h */ = {isa = PBXFileReference; fileEncoding = 4; lastKnownFileType = sourcecode.c.h; path = EndViewController.h; sourceTree = "<group>"; };
		3FCCCAB61D32341900D4AF56 /* TitleViewController.h */ = {isa = PBXFileReference; fileEncoding = 4; lastKnownFileType = sourcecode.c.h; path = TitleViewController.h; sourceTree = "<group>"; };
		3FCCCAB71D32343400D4AF56 /* TitleViewController.m */ = {isa = PBXFileReference; fileEncoding = 4; lastKnownFileType = sourcecode.c.objc; path = TitleViewController.m; sourceTree = "<group>"; };
		3FCCCAB91D32EC6D00D4AF56 /* home.png */ = {isa = PBXFileReference; lastKnownFileType = image.png; path = home.png; sourceTree = "<group>"; };
		3FCCCABA1D32EC6D00D4AF56 /* menulogo.png */ = {isa = PBXFileReference; lastKnownFileType = image.png; path = menulogo.png; sourceTree = "<group>"; };
		3FCCCABB1D32EC6D00D4AF56 /* playblackhollow.png */ = {isa = PBXFileReference; lastKnownFileType = image.png; path = playblackhollow.png; sourceTree = "<group>"; };
		3FCCCABC1D32EC6D00D4AF56 /* replay.png */ = {isa = PBXFileReference; lastKnownFileType = image.png; path = replay.png; sourceTree = "<group>"; };
		3FCCCAC11D32F0E100D4AF56 /* background.png */ = {isa = PBXFileReference; lastKnownFileType = image.png; path = background.png; sourceTree = "<group>"; };
		CAE61F171D4E98900049F0B8 /* xbuttonhighlighted.png */ = {isa = PBXFileReference; lastKnownFileType = image.png; name = xbuttonhighlighted.png; path = ../../../Downloads/xbuttonhighlighted.png; sourceTree = "<group>"; };
		CAE61F181D4E98900049F0B8 /* prevhighlighted.png */ = {isa = PBXFileReference; lastKnownFileType = image.png; name = prevhighlighted.png; path = ../../../Downloads/prevhighlighted.png; sourceTree = "<group>"; };
		CAE61F191D4E98900049F0B8 /* prev2highlighted.png */ = {isa = PBXFileReference; lastKnownFileType = image.png; name = prev2highlighted.png; path = ../../../Downloads/prev2highlighted.png; sourceTree = "<group>"; };
		CAE61F1A1D4E98900049F0B8 /* play iconhighlighted.png */ = {isa = PBXFileReference; lastKnownFileType = image.png; name = "play iconhighlighted.png"; path = "../../../Downloads/play iconhighlighted.png"; sourceTree = "<group>"; };
		CAE61F1B1D4E98900049F0B8 /* playhighlighted.png */ = {isa = PBXFileReference; lastKnownFileType = image.png; name = playhighlighted.png; path = ../../../Downloads/playhighlighted.png; sourceTree = "<group>"; };
		CAE61F1C1D4E98900049F0B8 /* nexthighlighted.png */ = {isa = PBXFileReference; lastKnownFileType = image.png; name = nexthighlighted.png; path = ../../../Downloads/nexthighlighted.png; sourceTree = "<group>"; };
		CAE61F1D1D4E98900049F0B8 /* pausehighlighted.png */ = {isa = PBXFileReference; lastKnownFileType = image.png; name = pausehighlighted.png; path = ../../../Downloads/pausehighlighted.png; sourceTree = "<group>"; };
		CAE61F1E1D4E98900049F0B8 /* next2highlighted.png */ = {isa = PBXFileReference; lastKnownFileType = image.png; name = next2highlighted.png; path = ../../../Downloads/next2highlighted.png; sourceTree = "<group>"; };
		CAE61F1F1D4E98900049F0B8 /* bookiconhighlighted.png */ = {isa = PBXFileReference; lastKnownFileType = image.png; name = bookiconhighlighted.png; path = ../../../Downloads/bookiconhighlighted.png; sourceTree = "<group>"; };
/* End PBXFileReference section */

/* Begin PBXFrameworksBuildPhase section */
		3F327A9E1D04CB5C00AEA340 /* Frameworks */ = {
			isa = PBXFrameworksBuildPhase;
			buildActionMask = 2147483647;
			files = (
			);
			runOnlyForDeploymentPostprocessing = 0;
		};
		3F327AB71D04CB5C00AEA340 /* Frameworks */ = {
			isa = PBXFrameworksBuildPhase;
			buildActionMask = 2147483647;
			files = (
			);
			runOnlyForDeploymentPostprocessing = 0;
		};
/* End PBXFrameworksBuildPhase section */

/* Begin PBXGroup section */
		3F327A981D04CB5C00AEA340 = {
			isa = PBXGroup;
			children = (
				3F327AA31D04CB5C00AEA340 /* PointerApp */,
				3F327ABD1D04CB5C00AEA340 /* PointerAppTests */,
				3F327AA21D04CB5C00AEA340 /* Products */,
			);
			sourceTree = "<group>";
		};
		3F327AA21D04CB5C00AEA340 /* Products */ = {
			isa = PBXGroup;
			children = (
				3F327AA11D04CB5C00AEA340 /* PointerApp.app */,
				3F327ABA1D04CB5C00AEA340 /* PointerAppTests.xctest */,
			);
			name = Products;
			sourceTree = "<group>";
		};
		3F327AA31D04CB5C00AEA340 /* PointerApp */ = {
			isa = PBXGroup;
			children = (
				3FCC43981D4E85D200F123E1 /* UIButtonWithValue.h */,
				3FCC43991D4E896100F123E1 /* UIButtonWithValue.m */,
				3FCCCAB61D32341900D4AF56 /* TitleViewController.h */,
				3FCCCAB71D32343400D4AF56 /* TitleViewController.m */,
				3FCCCAB31D31A2D600D4AF56 /* EndViewController.m */,
				3FCCCAB51D31A2EB00D4AF56 /* EndViewController.h */,
				3FCCCA881D135DF800D4AF56 /* MenuViewController.h */,
				3FCCCA891D135DF800D4AF56 /* MenuViewController.m */,
				3F327AA81D04CB5C00AEA340 /* AppDelegate.h */,
				3F327AA91D04CB5C00AEA340 /* AppDelegate.m */,
				3F327AAB1D04CB5C00AEA340 /* ViewController.h */,
				3F327AAC1D04CB5C00AEA340 /* ViewController.m */,
				3F327AAE1D04CB5C00AEA340 /* Main.storyboard */,
				3F327AB11D04CB5C00AEA340 /* Images.xcassets */,
				3F327AB31D04CB5C00AEA340 /* LaunchScreen.xib */,
				3F327AA41D04CB5C00AEA340 /* Supporting Files */,
			);
			path = PointerApp;
			sourceTree = "<group>";
		};
		3F327AA41D04CB5C00AEA340 /* Supporting Files */ = {
			isa = PBXGroup;
			children = (
				CAE61ED51D4E834C0049F0B8 /* storyimages */,
				CAE61ED41D4E831F0049F0B8 /* buttons */,
				CAE61ED31D4E830C0049F0B8 /* app icons */,
				3F327AA51D04CB5C00AEA340 /* Info.plist */,
				3F327AA61D04CB5C00AEA340 /* main.m */,
			);
			name = "Supporting Files";
			sourceTree = "<group>";
		};
		3F327ABD1D04CB5C00AEA340 /* PointerAppTests */ = {
			isa = PBXGroup;
			children = (
				3F327AC01D04CB5C00AEA340 /* PointerAppTests.m */,
				3F327ABE1D04CB5C00AEA340 /* Supporting Files */,
			);
			path = PointerAppTests;
			sourceTree = "<group>";
		};
		3F327ABE1D04CB5C00AEA340 /* Supporting Files */ = {
			isa = PBXGroup;
			children = (
				3F327ABF1D04CB5C00AEA340 /* Info.plist */,
			);
			name = "Supporting Files";
			sourceTree = "<group>";
		};
		CAE61ED31D4E830C0049F0B8 /* app icons */ = {
			isa = PBXGroup;
			children = (
				3F3C62141D32F9B600637664 /* launch.png */,
				3FCCCAC11D32F0E100D4AF56 /* background.png */,
				3FCCCABA1D32EC6D00D4AF56 /* menulogo.png */,
			);
			name = "app icons";
			sourceTree = "<group>";
		};
		CAE61ED41D4E831F0049F0B8 /* buttons */ = {
			isa = PBXGroup;
			children = (
				3FB590AC1D4E9D4A00E91192 /* bookiconhighlighted.png */,
				3FB590AD1D4E9D4A00E91192 /* next2highlighted.png */,
				3FB590AE1D4E9D4A00E91192 /* nexthighlighted.png */,
				3FB590AF1D4E9D4A00E91192 /* pausehighlighted.png */,
				3FB590B01D4E9D4A00E91192 /* play iconhighlighted.png */,
				3FB590B11D4E9D4A00E91192 /* playhighlighted.png */,
				3FB590B21D4E9D4A00E91192 /* prev2highlighted.png */,
				3FB590B31D4E9D4A00E91192 /* prevhighlighted.png */,
				3FB590B41D4E9D4A00E91192 /* xbuttonhighlighted.png */,
				3FCC438E1D43E5C000F123E1 /* bookicon.png */,
				3FCC438F1D43E5C000F123E1 /* stepperdown.png */,
				3FCC43901D43E5C000F123E1 /* stepperup.png */,
				3FCC43911D43E5C000F123E1 /* xbutton.png */,
				3FCCCAB91D32EC6D00D4AF56 /* home.png */,
				3FCCCABB1D32EC6D00D4AF56 /* playblackhollow.png */,
				3FCCCABC1D32EC6D00D4AF56 /* replay.png */,
				3FCCCAA51D319A2100D4AF56 /* next.png */,
				3FCCCAA61D319A2100D4AF56 /* next2.png */,
				3FCCCAA71D319A2100D4AF56 /* pause.png */,
				3FCCCAA81D319A2100D4AF56 /* play.png */,
				3FCCCAA91D319A2100D4AF56 /* playgreen.png */,
				3FCCCAAA1D319A2100D4AF56 /* prev.png */,
				3FCCCAAB1D319A2100D4AF56 /* prev2.png */,
			);
			name = buttons;
			sourceTree = "<group>";
		};
		CAE61ED51D4E834C0049F0B8 /* storyimages */ = {
			isa = PBXGroup;
			children = (
				CAE61EF11D4E85750049F0B8 /* kingarthur */,
				CAE61ED61D4E83540049F0B8 /* bopeep */,
			);
			name = storyimages;
			sourceTree = "<group>";
		};
		CAE61ED61D4E83540049F0B8 /* bopeep */ = {
			isa = PBXGroup;
			children = (
				3FCCCA8D1D1615FB00D4AF56 /* bopeep1.jpg */,
				3FCCCA8E1D1615FB00D4AF56 /* bopeep2.jpg */,
				3FCCCA8F1D1615FB00D4AF56 /* bopeep3.jpg */,
			);
			name = bopeep;
			sourceTree = "<group>";
		};
		CAE61EF11D4E85750049F0B8 /* kingarthur */ = {
			isa = PBXGroup;
			children = (
				3FB590A11D4E901F00E91192 /* kingarthur1.png */,
				3FB590A21D4E901F00E91192 /* kingarthur2.png */,
			);
			name = kingarthur;
			sourceTree = "<group>";
		};
/* End PBXGroup section */

/* Begin PBXNativeTarget section */
		3F327AA01D04CB5C00AEA340 /* PointerApp */ = {
			isa = PBXNativeTarget;
			buildConfigurationList = 3F327AC41D04CB5C00AEA340 /* Build configuration list for PBXNativeTarget "PointerApp" */;
			buildPhases = (
				3F327A9D1D04CB5C00AEA340 /* Sources */,
				3F327A9E1D04CB5C00AEA340 /* Frameworks */,
				3F327A9F1D04CB5C00AEA340 /* Resources */,
			);
			buildRules = (
			);
			dependencies = (
			);
			name = PointerApp;
			productName = PointerApp;
			productReference = 3F327AA11D04CB5C00AEA340 /* PointerApp.app */;
			productType = "com.apple.product-type.application";
		};
		3F327AB91D04CB5C00AEA340 /* PointerAppTests */ = {
			isa = PBXNativeTarget;
			buildConfigurationList = 3F327AC71D04CB5C00AEA340 /* Build configuration list for PBXNativeTarget "PointerAppTests" */;
			buildPhases = (
				3F327AB61D04CB5C00AEA340 /* Sources */,
				3F327AB71D04CB5C00AEA340 /* Frameworks */,
				3F327AB81D04CB5C00AEA340 /* Resources */,
			);
			buildRules = (
			);
			dependencies = (
				3F327ABC1D04CB5C00AEA340 /* PBXTargetDependency */,
			);
			name = PointerAppTests;
			productName = PointerAppTests;
			productReference = 3F327ABA1D04CB5C00AEA340 /* PointerAppTests.xctest */;
			productType = "com.apple.product-type.bundle.unit-test";
		};
/* End PBXNativeTarget section */

/* Begin PBXProject section */
		3F327A991D04CB5C00AEA340 /* Project object */ = {
			isa = PBXProject;
			attributes = {
				LastUpgradeCheck = 0730;
				ORGANIZATIONNAME = "Kevin Lou & friends";
				TargetAttributes = {
					3F327AA01D04CB5C00AEA340 = {
						CreatedOnToolsVersion = 6.3.2;
						DevelopmentTeam = 8TD3W8MSRP;
					};
					3F327AB91D04CB5C00AEA340 = {
						CreatedOnToolsVersion = 6.3.2;
						TestTargetID = 3F327AA01D04CB5C00AEA340;
					};
				};
			};
			buildConfigurationList = 3F327A9C1D04CB5C00AEA340 /* Build configuration list for PBXProject "PointerApp" */;
			compatibilityVersion = "Xcode 3.2";
			developmentRegion = English;
			hasScannedForEncodings = 0;
			knownRegions = (
				en,
				Base,
			);
			mainGroup = 3F327A981D04CB5C00AEA340;
			productRefGroup = 3F327AA21D04CB5C00AEA340 /* Products */;
			projectDirPath = "";
			projectRoot = "";
			targets = (
				3F327AA01D04CB5C00AEA340 /* PointerApp */,
				3F327AB91D04CB5C00AEA340 /* PointerAppTests */,
			);
		};
/* End PBXProject section */

/* Begin PBXResourcesBuildPhase section */
		3F327A9F1D04CB5C00AEA340 /* Resources */ = {
			isa = PBXResourcesBuildPhase;
			buildActionMask = 2147483647;
			files = (
				3F327AB01D04CB5C00AEA340 /* Main.storyboard in Resources */,
				3FCC43951D43E5C000F123E1 /* xbutton.png in Resources */,
				CAE61F201D4E98900049F0B8 /* xbuttonhighlighted.png in Resources */,
				3FB590A61D4E901F00E91192 /* kingarthur2.png in Resources */,
				3FB590B51D4E9D4A00E91192 /* bookiconhighlighted.png in Resources */,
				3FCCCAC21D32F0E100D4AF56 /* background.png in Resources */,
				3FCCCA901D1615FB00D4AF56 /* bopeep1.jpg in Resources */,
				3FB590BD1D4E9D4A00E91192 /* xbuttonhighlighted.png in Resources */,
				3FB590A81D4E901F00E91192 /* littleman2.png in Resources */,
				3FCC43921D43E5C000F123E1 /* bookicon.png in Resources */,
				3FCCCABF1D32EC6D00D4AF56 /* playblackhollow.png in Resources */,
				3FCCCAAC1D319A2100D4AF56 /* next.png in Resources */,
				3FB590B71D4E9D4A00E91192 /* nexthighlighted.png in Resources */,
				3FB590B91D4E9D4A00E91192 /* play iconhighlighted.png in Resources */,
				3FB590A51D4E901F00E91192 /* kingarthur1.png in Resources */,
				3FCCCABD1D32EC6D00D4AF56 /* home.png in Resources */,
				CAE61F211D4E98900049F0B8 /* prevhighlighted.png in Resources */,
				3FCCCAAE1D319A2100D4AF56 /* pause.png in Resources */,
				3FB590A71D4E901F00E91192 /* littleman1.png in Resources */,
				3FB590B81D4E9D4A00E91192 /* pausehighlighted.png in Resources */,
				3FB590BC1D4E9D4A00E91192 /* prevhighlighted.png in Resources */,
				3FCCCAAF1D319A2100D4AF56 /* play.png in Resources */,
				CAE61F281D4E98900049F0B8 /* bookiconhighlighted.png in Resources */,
				CAE61F231D4E98900049F0B8 /* play iconhighlighted.png in Resources */,
				CAE61F251D4E98900049F0B8 /* nexthighlighted.png in Resources */,
				3F327AB51D04CB5C00AEA340 /* LaunchScreen.xib in Resources */,
				3FB590BA1D4E9D4A00E91192 /* playhighlighted.png in Resources */,
				3F3C62151D32F9B600637664 /* launch.png in Resources */,
				3FB590BB1D4E9D4A00E91192 /* prev2highlighted.png in Resources */,
				3FCCCAAD1D319A2100D4AF56 /* next2.png in Resources */,
				3FCCCA921D1615FB00D4AF56 /* bopeep3.jpg in Resources */,
				CAE61F241D4E98900049F0B8 /* playhighlighted.png in Resources */,
				CAE61F271D4E98900049F0B8 /* next2highlighted.png in Resources */,
				3FCCCAB11D319A2100D4AF56 /* prev.png in Resources */,
				3F327AB21D04CB5C00AEA340 /* Images.xcassets in Resources */,
				3FCCCABE1D32EC6D00D4AF56 /* menulogo.png in Resources */,
				3FCCCAC01D32EC6D00D4AF56 /* replay.png in Resources */,
				3FB590B61D4E9D4A00E91192 /* next2highlighted.png in Resources */,
				3FCCCA911D1615FB00D4AF56 /* bopeep2.jpg in Resources */,
				CAE61F221D4E98900049F0B8 /* prev2highlighted.png in Resources */,
				3FCCCAB01D319A2100D4AF56 /* playgreen.png in Resources */,
				3FCC43931D43E5C000F123E1 /* stepperdown.png in Resources */,
				3FCC43941D43E5C000F123E1 /* stepperup.png in Resources */,
				3FCCCAB21D319A2100D4AF56 /* prev2.png in Resources */,
			);
			runOnlyForDeploymentPostprocessing = 0;
		};
		3F327AB81D04CB5C00AEA340 /* Resources */ = {
			isa = PBXResourcesBuildPhase;
			buildActionMask = 2147483647;
			files = (
			);
			runOnlyForDeploymentPostprocessing = 0;
		};
/* End PBXResourcesBuildPhase section */

/* Begin PBXSourcesBuildPhase section */
		3F327A9D1D04CB5C00AEA340 /* Sources */ = {
			isa = PBXSourcesBuildPhase;
			buildActionMask = 2147483647;
			files = (
				3F327AAD1D04CB5C00AEA340 /* ViewController.m in Sources */,
				3FCCCAB81D32343400D4AF56 /* TitleViewController.m in Sources */,
				3F327AAA1D04CB5C00AEA340 /* AppDelegate.m in Sources */,
				3FCC439A1D4E896100F123E1 /* UIButtonWithValue.m in Sources */,
				3FCCCAB41D31A2D600D4AF56 /* EndViewController.m in Sources */,
				3F327AA71D04CB5C00AEA340 /* main.m in Sources */,
				3FCCCA8A1D135DF800D4AF56 /* MenuViewController.m in Sources */,
			);
			runOnlyForDeploymentPostprocessing = 0;
		};
		3F327AB61D04CB5C00AEA340 /* Sources */ = {
			isa = PBXSourcesBuildPhase;
			buildActionMask = 2147483647;
			files = (
				3F327AC11D04CB5C00AEA340 /* PointerAppTests.m in Sources */,
			);
			runOnlyForDeploymentPostprocessing = 0;
		};
/* End PBXSourcesBuildPhase section */

/* Begin PBXTargetDependency section */
		3F327ABC1D04CB5C00AEA340 /* PBXTargetDependency */ = {
			isa = PBXTargetDependency;
			target = 3F327AA01D04CB5C00AEA340 /* PointerApp */;
			targetProxy = 3F327ABB1D04CB5C00AEA340 /* PBXContainerItemProxy */;
		};
/* End PBXTargetDependency section */

/* Begin PBXVariantGroup section */
		3F327AAE1D04CB5C00AEA340 /* Main.storyboard */ = {
			isa = PBXVariantGroup;
			children = (
				3F327AAF1D04CB5C00AEA340 /* Base */,
			);
			name = Main.storyboard;
			sourceTree = "<group>";
		};
		3F327AB31D04CB5C00AEA340 /* LaunchScreen.xib */ = {
			isa = PBXVariantGroup;
			children = (
				3F327AB41D04CB5C00AEA340 /* Base */,
			);
			name = LaunchScreen.xib;
			sourceTree = "<group>";
		};
/* End PBXVariantGroup section */

/* Begin XCBuildConfiguration section */
		3F327AC21D04CB5C00AEA340 /* Debug */ = {
			isa = XCBuildConfiguration;
			buildSettings = {
				ALWAYS_SEARCH_USER_PATHS = NO;
				CLANG_CXX_LANGUAGE_STANDARD = "gnu++0x";
				CLANG_CXX_LIBRARY = "libc++";
				CLANG_ENABLE_MODULES = YES;
				CLANG_ENABLE_OBJC_ARC = YES;
				CLANG_WARN_BOOL_CONVERSION = YES;
				CLANG_WARN_CONSTANT_CONVERSION = YES;
				CLANG_WARN_DIRECT_OBJC_ISA_USAGE = YES_ERROR;
				CLANG_WARN_EMPTY_BODY = YES;
				CLANG_WARN_ENUM_CONVERSION = YES;
				CLANG_WARN_INT_CONVERSION = YES;
				CLANG_WARN_OBJC_ROOT_CLASS = YES_ERROR;
				CLANG_WARN_UNREACHABLE_CODE = YES;
				CLANG_WARN__DUPLICATE_METHOD_MATCH = YES;
				"CODE_SIGN_IDENTITY[sdk=iphoneos*]" = "iPhone Developer";
				COPY_PHASE_STRIP = NO;
				DEBUG_INFORMATION_FORMAT = "dwarf-with-dsym";
				ENABLE_STRICT_OBJC_MSGSEND = YES;
				ENABLE_TESTABILITY = YES;
				GCC_C_LANGUAGE_STANDARD = gnu99;
				GCC_DYNAMIC_NO_PIC = NO;
				GCC_NO_COMMON_BLOCKS = YES;
				GCC_OPTIMIZATION_LEVEL = 0;
				GCC_PREPROCESSOR_DEFINITIONS = (
					"DEBUG=1",
					"$(inherited)",
				);
				GCC_SYMBOLS_PRIVATE_EXTERN = NO;
				GCC_WARN_64_TO_32_BIT_CONVERSION = YES;
				GCC_WARN_ABOUT_RETURN_TYPE = YES_ERROR;
				GCC_WARN_UNDECLARED_SELECTOR = YES;
				GCC_WARN_UNINITIALIZED_AUTOS = YES_AGGRESSIVE;
				GCC_WARN_UNUSED_FUNCTION = YES;
				GCC_WARN_UNUSED_VARIABLE = YES;
				IPHONEOS_DEPLOYMENT_TARGET = 8.3;
				MTL_ENABLE_DEBUG_INFO = YES;
				ONLY_ACTIVE_ARCH = YES;
				SDKROOT = iphoneos;
				TARGETED_DEVICE_FAMILY = "1,2";
			};
			name = Debug;
		};
		3F327AC31D04CB5C00AEA340 /* Release */ = {
			isa = XCBuildConfiguration;
			buildSettings = {
				ALWAYS_SEARCH_USER_PATHS = NO;
				CLANG_CXX_LANGUAGE_STANDARD = "gnu++0x";
				CLANG_CXX_LIBRARY = "libc++";
				CLANG_ENABLE_MODULES = YES;
				CLANG_ENABLE_OBJC_ARC = YES;
				CLANG_WARN_BOOL_CONVERSION = YES;
				CLANG_WARN_CONSTANT_CONVERSION = YES;
				CLANG_WARN_DIRECT_OBJC_ISA_USAGE = YES_ERROR;
				CLANG_WARN_EMPTY_BODY = YES;
				CLANG_WARN_ENUM_CONVERSION = YES;
				CLANG_WARN_INT_CONVERSION = YES;
				CLANG_WARN_OBJC_ROOT_CLASS = YES_ERROR;
				CLANG_WARN_UNREACHABLE_CODE = YES;
				CLANG_WARN__DUPLICATE_METHOD_MATCH = YES;
				"CODE_SIGN_IDENTITY[sdk=iphoneos*]" = "iPhone Developer";
				COPY_PHASE_STRIP = NO;
				DEBUG_INFORMATION_FORMAT = "dwarf-with-dsym";
				ENABLE_NS_ASSERTIONS = NO;
				ENABLE_STRICT_OBJC_MSGSEND = YES;
				GCC_C_LANGUAGE_STANDARD = gnu99;
				GCC_NO_COMMON_BLOCKS = YES;
				GCC_WARN_64_TO_32_BIT_CONVERSION = YES;
				GCC_WARN_ABOUT_RETURN_TYPE = YES_ERROR;
				GCC_WARN_UNDECLARED_SELECTOR = YES;
				GCC_WARN_UNINITIALIZED_AUTOS = YES_AGGRESSIVE;
				GCC_WARN_UNUSED_FUNCTION = YES;
				GCC_WARN_UNUSED_VARIABLE = YES;
				IPHONEOS_DEPLOYMENT_TARGET = 8.3;
				MTL_ENABLE_DEBUG_INFO = NO;
				SDKROOT = iphoneos;
				TARGETED_DEVICE_FAMILY = "1,2";
				VALIDATE_PRODUCT = YES;
			};
			name = Release;
		};
		3F327AC51D04CB5C00AEA340 /* Debug */ = {
			isa = XCBuildConfiguration;
			buildSettings = {
				ASSETCATALOG_COMPILER_APPICON_NAME = AppIcon;
				CODE_SIGN_IDENTITY = "iPhone Developer";
				"CODE_SIGN_IDENTITY[sdk=iphoneos*]" = "iPhone Developer";
				INFOPLIST_FILE = PointerApp/Info.plist;
				LD_RUNPATH_SEARCH_PATHS = "$(inherited) @executable_path/Frameworks";
				PRODUCT_BUNDLE_IDENTIFIER = "lou.$(PRODUCT_NAME:rfc1034identifier)";
				PRODUCT_NAME = "$(TARGET_NAME)";
				PROVISIONING_PROFILE = "";
			};
			name = Debug;
		};
		3F327AC61D04CB5C00AEA340 /* Release */ = {
			isa = XCBuildConfiguration;
			buildSettings = {
				ASSETCATALOG_COMPILER_APPICON_NAME = AppIcon;
				CODE_SIGN_IDENTITY = "iPhone Developer";
				"CODE_SIGN_IDENTITY[sdk=iphoneos*]" = "iPhone Developer";
				INFOPLIST_FILE = PointerApp/Info.plist;
				LD_RUNPATH_SEARCH_PATHS = "$(inherited) @executable_path/Frameworks";
				PRODUCT_BUNDLE_IDENTIFIER = "lou.$(PRODUCT_NAME:rfc1034identifier)";
				PRODUCT_NAME = "$(TARGET_NAME)";
				PROVISIONING_PROFILE = "";
			};
			name = Release;
		};
		3F327AC81D04CB5C00AEA340 /* Debug */ = {
			isa = XCBuildConfiguration;
			buildSettings = {
				BUNDLE_LOADER = "$(TEST_HOST)";
				FRAMEWORK_SEARCH_PATHS = (
					"$(SDKROOT)/Developer/Library/Frameworks",
					"$(inherited)",
				);
				GCC_PREPROCESSOR_DEFINITIONS = (
					"DEBUG=1",
					"$(inherited)",
				);
				INFOPLIST_FILE = PointerAppTests/Info.plist;
				LD_RUNPATH_SEARCH_PATHS = "$(inherited) @executable_path/Frameworks @loader_path/Frameworks";
				PRODUCT_BUNDLE_IDENTIFIER = "lou.$(PRODUCT_NAME:rfc1034identifier)";
				PRODUCT_NAME = "$(TARGET_NAME)";
				TEST_HOST = "$(BUILT_PRODUCTS_DIR)/PointerApp.app/PointerApp";
			};
			name = Debug;
		};
		3F327AC91D04CB5C00AEA340 /* Release */ = {
			isa = XCBuildConfiguration;
			buildSettings = {
				BUNDLE_LOADER = "$(TEST_HOST)";
				FRAMEWORK_SEARCH_PATHS = (
					"$(SDKROOT)/Developer/Library/Frameworks",
					"$(inherited)",
				);
				INFOPLIST_FILE = PointerAppTests/Info.plist;
				LD_RUNPATH_SEARCH_PATHS = "$(inherited) @executable_path/Frameworks @loader_path/Frameworks";
				PRODUCT_BUNDLE_IDENTIFIER = "lou.$(PRODUCT_NAME:rfc1034identifier)";
				PRODUCT_NAME = "$(TARGET_NAME)";
				TEST_HOST = "$(BUILT_PRODUCTS_DIR)/PointerApp.app/PointerApp";
			};
			name = Release;
		};
/* End XCBuildConfiguration section */

/* Begin XCConfigurationList section */
		3F327A9C1D04CB5C00AEA340 /* Build configuration list for PBXProject "PointerApp" */ = {
			isa = XCConfigurationList;
			buildConfigurations = (
				3F327AC21D04CB5C00AEA340 /* Debug */,
				3F327AC31D04CB5C00AEA340 /* Release */,
			);
			defaultConfigurationIsVisible = 0;
			defaultConfigurationName = Release;
		};
		3F327AC41D04CB5C00AEA340 /* Build configuration list for PBXNativeTarget "PointerApp" */ = {
			isa = XCConfigurationList;
			buildConfigurations = (
				3F327AC51D04CB5C00AEA340 /* Debug */,
				3F327AC61D04CB5C00AEA340 /* Release */,
			);
			defaultConfigurationIsVisible = 0;
			defaultConfigurationName = Release;
		};
		3F327AC71D04CB5C00AEA340 /* Build configuration list for PBXNativeTarget "PointerAppTests" */ = {
			isa = XCConfigurationList;
			buildConfigurations = (
				3F327AC81D04CB5C00AEA340 /* Debug */,
				3F327AC91D04CB5C00AEA340 /* Release */,
			);
			defaultConfigurationIsVisible = 0;
			defaultConfigurationName = Release;
		};
/* End XCConfigurationList section */
	};
	rootObject = 3F327A991D04CB5C00AEA340 /* Project object */;
}
